# This file is automatically @generated by Cargo.
# It is not intended for manual editing.
version = 3

[[package]]
name = "rust_totur"
version = "0.0.7"

[[package]]
name = "s0001"
version = "0.1.0"

[[package]]
name = "t01_hello_world"
version = "0.1.0"

[[package]]
name = "t02_primitives"
version = "0.1.0"

[[package]]
name = "t03_custom_types"
version = "0.1.0"

[[package]]
name = "t04_variable_bindings"
version = "0.1.0"

[[package]]
name = "t05_types"
version = "0.1.0"

[[package]]
name = "t06_conversion"
version = "0.1.0"

[[package]]
name = "t07_expressions"
version = "0.1.0"

[[package]]
name = "t08_control_flow"
version = "0.1.0"

[[package]]
name = "t09_functions"
version = "0.1.0"

[[package]]
name = "t10_modules"
version = "0.1.0"

[[package]]
name = "t11_crates"
version = "0.1.0"

[[package]]
name = "t12_cargo"
version = "0.1.0"

[[package]]
name = "t13_attributes"
version = "0.1.0"

[[package]]
name = "t14_generics"
version = "0.1.0"

[[package]]
name = "t15_scoping_rules"
version = "0.1.0"

[[package]]
name = "t16_traits"
version = "0.1.0"

[[package]]
name = "t17_macro_rules"
version = "0.1.0"

[[package]]
name = "t18_error_handling"
version = "0.1.0"

[[package]]
name = "t19_std_library_types"
version = "0.1.0"

[[package]]
name = "t20_std_misc"
version = "0.1.0"

[[package]]
name = "t21_testing"
version = "0.1.0"

[[package]]
name = "t22_unsafe_operations"
version = "0.1.0"

[[package]]
name = "t23_compatibility"
version = "0.1.0"

[[package]]
name = "t24_meta"
version = "0.1.0"
